
Microsoft Visual Studio Solution File, Format Version 12.00
# Visual Studio 15
VisualStudioVersion = 15.0.27428.2027
MinimumVisualStudioVersion = 10.0.40219.1
Project("{9A19103F-16F7-4668-BE54-9A1E7A4F7556}") = "libvaultmanager", "src\libvaultmanager.csproj", "{34F5BE13-70AE-4A6F-B7C8-1042427BD688}"
EndProject
Project("{9A19103F-16F7-4668-BE54-9A1E7A4F7556}") = "vaultmanager", "test\vaultmanager\vaultmanager.csproj", "{51313FE0-67EE-4C17-8E77-80BC344433E7}"
EndProject
Project("{FAE04EC0-301F-11D3-BF4B-00C04F79EFBC}") = "outlook_credential_reader", "test\outlook_credential_reader\outlook_credential_reader.csproj", "{082516A8-7555-445A-AC91-66BCED584CD4}"
EndProject
Project("{FAE04EC0-301F-11D3-BF4B-00C04F79EFBC}") = "teams_credential_reader", "test\teams_credential_reader\teams_credential_reader.csproj", "{7C86F39B-DD13-4724-AAB9-E23DDF5CA763}"
EndProject
Global
	GlobalSection(SolutionConfigurationPlatforms) = preSolution
		Debug|Any CPU = Debug|Any CPU
		Release|Any CPU = Release|Any CPU
	EndGlobalSection
	GlobalSection(ProjectConfigurationPlatforms) = postSolution
		{34F5BE13-70AE-4A6F-B7C8-1042427BD688}.Debug|Any CPU.ActiveCfg = Debug|Any CPU
		{34F5BE13-70AE-4A6F-B7C8-1042427BD688}.Debug|Any CPU.Build.0 = Debug|Any CPU
		{34F5BE13-70AE-4A6F-B7C8-1042427BD688}.Release|Any CPU.ActiveCfg = Release|Any CPU
		{34F5BE13-70AE-4A6F-B7C8-1042427BD688}.Release|Any CPU.Build.0 = Release|Any CPU
		{51313FE0-67EE-4C17-8E77-80BC344433E7}.Debug|Any CPU.ActiveCfg = Debug|Any CPU
		{51313FE0-67EE-4C17-8E77-80BC344433E7}.Debug|Any CPU.Build.0 = Debug|Any CPU
		{51313FE0-67EE-4C17-8E77-80BC344433E7}.Release|Any CPU.ActiveCfg = Release|Any CPU
		{51313FE0-67EE-4C17-8E77-80BC344433E7}.Release|Any CPU.Build.0 = Release|Any CPU
		{082516A8-7555-445A-AC91-66BCED584CD4}.Debug|Any CPU.ActiveCfg = Debug|Any CPU
		{082516A8-7555-445A-AC91-66BCED584CD4}.Debug|Any CPU.Build.0 = Debug|Any CPU
		{082516A8-7555-445A-AC91-66BCED584CD4}.Release|Any CPU.ActiveCfg = Release|Any CPU
		{082516A8-7555-445A-AC91-66BCED584CD4}.Release|Any CPU.Build.0 = Release|Any CPU
		{7C86F39B-DD13-4724-AAB9-E23DDF5CA763}.Debug|Any CPU.ActiveCfg = Debug|Any CPU
		{7C86F39B-DD13-4724-AAB9-E23DDF5CA763}.Debug|Any CPU.Build.0 = Debug|Any CPU
		{7C86F39B-DD13-4724-AAB9-E23DDF5CA763}.Release|Any CPU.ActiveCfg = Release|Any CPU
		{7C86F39B-DD13-4724-AAB9-E23DDF5CA763}.Release|Any CPU.Build.0 = Release|Any CPU
	EndGlobalSection
	GlobalSection(SolutionProperties) = preSolution
		HideSolutionNode = FALSE
	EndGlobalSection
	GlobalSection(ExtensibilityGlobals) = postSolution
		SolutionGuid = {979B7AA9-1920-4A87-82DF-0B5AD9ABD6C9}
	EndGlobalSection
EndGlobal
